version: 1.0
shards:
  CrystalIrc:
    github: Meoowww/CrystalIrc
    commit: c2c9102c66dcea3bfad197fc76ad6a57b0dc1bcd

  dotenv:
    github: gdotdesign/cr-dotenv
    commit: 68702bfa0a3c7eda9aa448c36d2d68dcecce7677

  micrate:
    github: juanedi/micrate
    version: 0.2.2

  pg:
    github: will/crystal-pg
    version: 0.11.0

  rollable:
    github: Nephos/crystal_rollable
    version: 0.1.3

