version: 1.0
shards:
  CrystalIrc:
    github: Meoowww/CrystalIrc
    commit: b6742edf45733ad4fe0ba9fa774799094c1ac8e3

  daemonize:
    github: DougEverly/daemonize.cr
    commit: 03d7da27fe76ee6b77d47a66984969a308a42027

  db:
    github: crystal-lang/crystal-db
    version: 0.4.2

  dotenv:
    github: gdotdesign/cr-dotenv
    version: 0.1.0

  micrate:
    github: juanedi/micrate
    version: 0.3.0

  pg:
    github: will/crystal-pg
    version: 0.13.4

  rollable:
    github: Nephos/crystal_rollable
    commit: 98590287860e3307db6a7ff72774ab1469d90195

